
Microsoft Visual Studio Solution File, Format Version 12.00
# Visual Studio Version 16
VisualStudioVersion = 16.0.29306.81
MinimumVisualStudioVersion = 10.0.40219.1
Project("{2150E333-8FDC-42A3-9474-1A3956D46DE8}") = "Core", "Core", "{19134B2F-0877-413C-9138-1B5CA537B357}"
EndProject
Project("{2150E333-8FDC-42A3-9474-1A3956D46DE8}") = "Tests", "Tests", "{069A144D-70EF-4FB8-8009-0A0BE4BBC7AE}"
EndProject
Project("{2150E333-8FDC-42A3-9474-1A3956D46DE8}") = "Apis", "Apis", "{891567CC-76A2-4729-8203-D41AE86F6030}"
EndProject
Project("{9A19103F-16F7-4668-BE54-9A1E7A4F7556}") = "Core.Services", "core\Services\Core.Services.csproj", "{76596C01-405F-42AC-A8F0-836591450D54}"
EndProject
Project("{9A19103F-16F7-4668-BE54-9A1E7A4F7556}") = "Core.Models", "core\Core.Models\Core.Models.csproj", "{6BE9AF13-9E6C-46B1-BBD6-2474B613B189}"
EndProject
Project("{2150E333-8FDC-42A3-9474-1A3956D46DE8}") = "Platforms", "Platforms", "{178286DC-E2FE-449E-B5A1-459182D3ECA8}"
EndProject
Project("{2150E333-8FDC-42A3-9474-1A3956D46DE8}") = "Azure", "Azure", "{AB29642A-6006-4D92-8BCC-10C00894AB73}"
EndProject
Project("{9A19103F-16F7-4668-BE54-9A1E7A4F7556}") = "Azure.Models", "platforms\Azure\Models.Cosmos\Azure.Models.csproj", "{A950FF92-5275-42D0-B371-8CD0E783C182}"
EndProject
Project("{9A19103F-16F7-4668-BE54-9A1E7A4F7556}") = "Core.ObjectStorage", "core\ObjectStorage\Core.ObjectStorage.csproj", "{792AA0D6-C754-4C27-8FFD-31B61B2C95F7}"
EndProject
Project("{9A19103F-16F7-4668-BE54-9A1E7A4F7556}") = "Azure", "platforms\Azure\Azure\Azure.csproj", "{3234B762-9456-4BEF-B5D1-09B12F39B55D}"
EndProject
Project("{9A19103F-16F7-4668-BE54-9A1E7A4F7556}") = "Core.Execution", "core\Core.Execution\Core.Execution.csproj", "{352169BA-62C8-412F-9C09-8B87A336077E}"
EndProject
Project("{9A19103F-16F7-4668-BE54-9A1E7A4F7556}") = "Azure.Execution", "platforms\Azure\Azure.Execution\Azure.Execution.csproj", "{CB9006B8-D08E-49E1-9389-168CC9671CB0}"
EndProject
Project("{9A19103F-16F7-4668-BE54-9A1E7A4F7556}") = "Core", "core\Core\Core.csproj", "{B6BA0E03-4426-46CD-BF45-52511BC7B5CC}"
EndProject
Project("{2150E333-8FDC-42A3-9474-1A3956D46DE8}") = "Unit", "Unit", "{41D913D4-7F91-473F-8E9D-DA72CDC24927}"
EndProject
Project("{2150E333-8FDC-42A3-9474-1A3956D46DE8}") = "Integration", "Integration", "{07328F7B-1A6D-48F1-A054-C67D0BCDF182}"
EndProject
Project("{9A19103F-16F7-4668-BE54-9A1E7A4F7556}") = "Core.Execution.UnitTests", "tests\Core.Execution.UnitTests\Core.Execution.UnitTests.csproj", "{3C96F868-2C7A-46AC-9BF2-A6EF1AB3166A}"
EndProject
Project("{9A19103F-16F7-4668-BE54-9A1E7A4F7556}") = "Azure.ObjectStorage", "platforms\Azure\Azure.ObjectStorage\Azure.ObjectStorage.csproj", "{BAF14B8C-91F6-4D1B-A66F-B30FE1DF13CB}"
EndProject
Project("{9A19103F-16F7-4668-BE54-9A1E7A4F7556}") = "Core.UnitTests", "tests\Core.UnitTests\Core.UnitTests.csproj", "{B4E1A773-707B-4C2E-B36A-770D6956E3ED}"
EndProject
Project("{9A19103F-16F7-4668-BE54-9A1E7A4F7556}") = "Core.Models.UnitTests", "tests\Core.Models.UnitTests\Core.Models.UnitTests.csproj", "{B8717A22-C847-4D6A-8A88-BBC6BB338637}"
EndProject
Project("{9A19103F-16F7-4668-BE54-9A1E7A4F7556}") = "Core.ObjectStorage.UnitTests", "tests\Core.ObjectStorage.UnitTests\Core.ObjectStorage.UnitTests.csproj", "{926F3C9A-0872-4F6E-B8AE-905D61F43200}"
EndProject
Project("{9A19103F-16F7-4668-BE54-9A1E7A4F7556}") = "Core.Services.UnitTests", "tests\Core.Services.UnitTests\Core.Services.UnitTests.csproj", "{F43993DC-25F7-4E2E-A8C2-E22D758DD38C}"
EndProject
Project("{9A19103F-16F7-4668-BE54-9A1E7A4F7556}") = "Execution.Api", "api\Execution.Api\Execution.Api.csproj", "{BC610FB9-799D-4F28-B216-92D8456293B8}"
EndProject
Project("{2150E333-8FDC-42A3-9474-1A3956D46DE8}") = "Consoles", "Consoles", "{D4414B34-9417-44B5-AC2D-DAD8FE905FA2}"
EndProject
Project("{9A19103F-16F7-4668-BE54-9A1E7A4F7556}") = "Execution.Api.UnitTests", "tests\Execution.Api.UnitTests\Execution.Api.UnitTests.csproj", "{8C9FBCA8-94B3-4321-92C6-81C307A868D8}"
EndProject
Project("{2150E333-8FDC-42A3-9474-1A3956D46DE8}") = "Solution Items", "Solution Items", "{E8682D92-8945-42CD-9547-84C92C516811}"
	ProjectSection(SolutionItems) = preProject
		both-keys.xml = both-keys.xml
		exhubtest01-execution.json = exhubtest01-execution.json
		exhubtest01-extension.json = exhubtest01-extension.json
		exhubtest01-extensionversion.json = exhubtest01-extensionversion.json
		exhubtest01-ioextension.json = exhubtest01-ioextension.json
		exhubtest01-ioextensionversion.json = exhubtest01-ioextensionversion.json
		public-key.xml = public-key.xml
	EndProjectSection
EndProject
Project("{151D2E53-A2C4-4D7D-83FE-D05416EBD58E}") = "ArmTemplate", "infra\ArmTemplate\ArmTemplate.deployproj", "{AAC37A6A-74B9-449A-80E8-AD5202D6C8F6}"
EndProject
Project("{9A19103F-16F7-4668-BE54-9A1E7A4F7556}") = "Core.Hosting", "core\Core.Hosting\Core.Hosting.csproj", "{4967A908-9E38-4799-937A-F19B04E6473F}"
EndProject
Project("{9A19103F-16F7-4668-BE54-9A1E7A4F7556}") = "ExecutionAdapter.ConsoleHost", "core\Agent\ExecutionAdapter.ConsoleHost\ExecutionAdapter.ConsoleHost.csproj", "{4ECA19D7-B213-4FBA-BF81-254BEDC85FFC}"
EndProject
Project("{9A19103F-16F7-4668-BE54-9A1E7A4F7556}") = "IntegrationTests.HowdyService", "tests\IntegrationTests.HowdyService\IntegrationTests.HowdyService.csproj", "{576F7A2D-5D16-4F4D-956B-9746BDC81479}"
EndProject
Project("{9A19103F-16F7-4668-BE54-9A1E7A4F7556}") = "ExtensionManagement.Api", "api\ExtensionManagement.Api\ExtensionManagement.Api.csproj", "{F49AEA48-5A0C-4592-B7C9-FAA22AAB856F}"
EndProject
Project("{9A19103F-16F7-4668-BE54-9A1E7A4F7556}") = "Catalog.Api", "api\Catalog.Api\Catalog.Api.csproj", "{B70F6CD7-2121-49C5-A28B-1D0BBA07E801}"
EndProject
Project("{9A19103F-16F7-4668-BE54-9A1E7A4F7556}") = "Azure.Catalog", "platforms\Azure\Azure.Catalog\Azure.Catalog.csproj", "{C3F1E314-3586-48DA-B7B8-E306610B587C}"
EndProject
Project("{9A19103F-16F7-4668-BE54-9A1E7A4F7556}") = "Core.Catalog", "core\Core.Catalog\Core.Catalog.csproj", "{4A0CAFC2-766C-44A8-8AAA-40C435C4A1FA}"
EndProject
Project("{9A19103F-16F7-4668-BE54-9A1E7A4F7556}") = "ExecutionAdapter.Api", "api\ExecutionAdapter.Api\ExecutionAdapter.Api.csproj", "{92FBE73D-8EFC-489B-9CF0-1DFCB0A6747D}"
EndProject
Project("{9A19103F-16F7-4668-BE54-9A1E7A4F7556}") = "ExtensionService.Api", "api\ExtensionService.Api\ExtensionService.Api.csproj", "{B2915FB9-B6E5-4736-8ADA-1C2B87EF74C4}"
EndProject
Project("{9A19103F-16F7-4668-BE54-9A1E7A4F7556}") = "ObjectStorageProvider.Api", "api\ObjectStorageProvider.Api\ObjectStorageProvider.Api.csproj", "{8BE34DA2-D48E-4A41-B8F2-ABF75993C31B}"
EndProject
Project("{9A19103F-16F7-4668-BE54-9A1E7A4F7556}") = "Api.InternalModels", "api\Api.InternalModels\Api.InternalModels.csproj", "{A4C784B3-6813-4776-8143-1B1DAF33054D}"
EndProject
Project("{9A19103F-16F7-4668-BE54-9A1E7A4F7556}") = "Api.Modules", "api\Api.Modules\Api.Modules.csproj", "{FB82564B-342D-4CD9-9B18-D2E0A8E9076C}"
EndProject
Project("{9A19103F-16F7-4668-BE54-9A1E7A4F7556}") = "Api.Proxies", "api\Api.Proxies\Api.Proxies.csproj", "{B5E062DF-CA55-4BD4-BDCA-B462BDA0ABEE}"
EndProject
Global
	GlobalSection(SolutionConfigurationPlatforms) = preSolution
		Debug|Any CPU = Debug|Any CPU
		Release|Any CPU = Release|Any CPU
	EndGlobalSection
	GlobalSection(ProjectConfigurationPlatforms) = postSolution
		{76596C01-405F-42AC-A8F0-836591450D54}.Debug|Any CPU.ActiveCfg = Debug|Any CPU
		{76596C01-405F-42AC-A8F0-836591450D54}.Debug|Any CPU.Build.0 = Debug|Any CPU
		{76596C01-405F-42AC-A8F0-836591450D54}.Release|Any CPU.ActiveCfg = Release|Any CPU
		{76596C01-405F-42AC-A8F0-836591450D54}.Release|Any CPU.Build.0 = Release|Any CPU
		{6BE9AF13-9E6C-46B1-BBD6-2474B613B189}.Debug|Any CPU.ActiveCfg = Debug|Any CPU
		{6BE9AF13-9E6C-46B1-BBD6-2474B613B189}.Debug|Any CPU.Build.0 = Debug|Any CPU
		{6BE9AF13-9E6C-46B1-BBD6-2474B613B189}.Release|Any CPU.ActiveCfg = Release|Any CPU
		{6BE9AF13-9E6C-46B1-BBD6-2474B613B189}.Release|Any CPU.Build.0 = Release|Any CPU
		{A950FF92-5275-42D0-B371-8CD0E783C182}.Debug|Any CPU.ActiveCfg = Debug|Any CPU
		{A950FF92-5275-42D0-B371-8CD0E783C182}.Debug|Any CPU.Build.0 = Debug|Any CPU
		{A950FF92-5275-42D0-B371-8CD0E783C182}.Release|Any CPU.ActiveCfg = Release|Any CPU
		{A950FF92-5275-42D0-B371-8CD0E783C182}.Release|Any CPU.Build.0 = Release|Any CPU
		{792AA0D6-C754-4C27-8FFD-31B61B2C95F7}.Debug|Any CPU.ActiveCfg = Debug|Any CPU
		{792AA0D6-C754-4C27-8FFD-31B61B2C95F7}.Debug|Any CPU.Build.0 = Debug|Any CPU
		{792AA0D6-C754-4C27-8FFD-31B61B2C95F7}.Release|Any CPU.ActiveCfg = Release|Any CPU
		{792AA0D6-C754-4C27-8FFD-31B61B2C95F7}.Release|Any CPU.Build.0 = Release|Any CPU
		{3234B762-9456-4BEF-B5D1-09B12F39B55D}.Debug|Any CPU.ActiveCfg = Debug|Any CPU
		{3234B762-9456-4BEF-B5D1-09B12F39B55D}.Debug|Any CPU.Build.0 = Debug|Any CPU
		{3234B762-9456-4BEF-B5D1-09B12F39B55D}.Release|Any CPU.ActiveCfg = Release|Any CPU
		{3234B762-9456-4BEF-B5D1-09B12F39B55D}.Release|Any CPU.Build.0 = Release|Any CPU
		{352169BA-62C8-412F-9C09-8B87A336077E}.Debug|Any CPU.ActiveCfg = Debug|Any CPU
		{352169BA-62C8-412F-9C09-8B87A336077E}.Debug|Any CPU.Build.0 = Debug|Any CPU
		{352169BA-62C8-412F-9C09-8B87A336077E}.Release|Any CPU.ActiveCfg = Release|Any CPU
		{352169BA-62C8-412F-9C09-8B87A336077E}.Release|Any CPU.Build.0 = Release|Any CPU
		{CB9006B8-D08E-49E1-9389-168CC9671CB0}.Debug|Any CPU.ActiveCfg = Debug|Any CPU
		{CB9006B8-D08E-49E1-9389-168CC9671CB0}.Debug|Any CPU.Build.0 = Debug|Any CPU
		{CB9006B8-D08E-49E1-9389-168CC9671CB0}.Release|Any CPU.ActiveCfg = Release|Any CPU
		{CB9006B8-D08E-49E1-9389-168CC9671CB0}.Release|Any CPU.Build.0 = Release|Any CPU
		{B6BA0E03-4426-46CD-BF45-52511BC7B5CC}.Debug|Any CPU.ActiveCfg = Debug|Any CPU
		{B6BA0E03-4426-46CD-BF45-52511BC7B5CC}.Debug|Any CPU.Build.0 = Debug|Any CPU
		{B6BA0E03-4426-46CD-BF45-52511BC7B5CC}.Release|Any CPU.ActiveCfg = Release|Any CPU
		{B6BA0E03-4426-46CD-BF45-52511BC7B5CC}.Release|Any CPU.Build.0 = Release|Any CPU
		{3C96F868-2C7A-46AC-9BF2-A6EF1AB3166A}.Debug|Any CPU.ActiveCfg = Debug|Any CPU
		{3C96F868-2C7A-46AC-9BF2-A6EF1AB3166A}.Debug|Any CPU.Build.0 = Debug|Any CPU
		{3C96F868-2C7A-46AC-9BF2-A6EF1AB3166A}.Release|Any CPU.ActiveCfg = Release|Any CPU
		{3C96F868-2C7A-46AC-9BF2-A6EF1AB3166A}.Release|Any CPU.Build.0 = Release|Any CPU
		{BAF14B8C-91F6-4D1B-A66F-B30FE1DF13CB}.Debug|Any CPU.ActiveCfg = Debug|Any CPU
		{BAF14B8C-91F6-4D1B-A66F-B30FE1DF13CB}.Debug|Any CPU.Build.0 = Debug|Any CPU
		{BAF14B8C-91F6-4D1B-A66F-B30FE1DF13CB}.Release|Any CPU.ActiveCfg = Release|Any CPU
		{BAF14B8C-91F6-4D1B-A66F-B30FE1DF13CB}.Release|Any CPU.Build.0 = Release|Any CPU
		{B4E1A773-707B-4C2E-B36A-770D6956E3ED}.Debug|Any CPU.ActiveCfg = Debug|Any CPU
		{B4E1A773-707B-4C2E-B36A-770D6956E3ED}.Debug|Any CPU.Build.0 = Debug|Any CPU
		{B4E1A773-707B-4C2E-B36A-770D6956E3ED}.Release|Any CPU.ActiveCfg = Release|Any CPU
		{B4E1A773-707B-4C2E-B36A-770D6956E3ED}.Release|Any CPU.Build.0 = Release|Any CPU
		{B8717A22-C847-4D6A-8A88-BBC6BB338637}.Debug|Any CPU.ActiveCfg = Debug|Any CPU
		{B8717A22-C847-4D6A-8A88-BBC6BB338637}.Debug|Any CPU.Build.0 = Debug|Any CPU
		{B8717A22-C847-4D6A-8A88-BBC6BB338637}.Release|Any CPU.ActiveCfg = Release|Any CPU
		{B8717A22-C847-4D6A-8A88-BBC6BB338637}.Release|Any CPU.Build.0 = Release|Any CPU
		{926F3C9A-0872-4F6E-B8AE-905D61F43200}.Debug|Any CPU.ActiveCfg = Debug|Any CPU
		{926F3C9A-0872-4F6E-B8AE-905D61F43200}.Debug|Any CPU.Build.0 = Debug|Any CPU
		{926F3C9A-0872-4F6E-B8AE-905D61F43200}.Release|Any CPU.ActiveCfg = Release|Any CPU
		{926F3C9A-0872-4F6E-B8AE-905D61F43200}.Release|Any CPU.Build.0 = Release|Any CPU
		{F43993DC-25F7-4E2E-A8C2-E22D758DD38C}.Debug|Any CPU.ActiveCfg = Debug|Any CPU
		{F43993DC-25F7-4E2E-A8C2-E22D758DD38C}.Debug|Any CPU.Build.0 = Debug|Any CPU
		{F43993DC-25F7-4E2E-A8C2-E22D758DD38C}.Release|Any CPU.ActiveCfg = Release|Any CPU
		{F43993DC-25F7-4E2E-A8C2-E22D758DD38C}.Release|Any CPU.Build.0 = Release|Any CPU
		{BC610FB9-799D-4F28-B216-92D8456293B8}.Debug|Any CPU.ActiveCfg = Debug|Any CPU
		{BC610FB9-799D-4F28-B216-92D8456293B8}.Debug|Any CPU.Build.0 = Debug|Any CPU
		{BC610FB9-799D-4F28-B216-92D8456293B8}.Release|Any CPU.ActiveCfg = Release|Any CPU
		{BC610FB9-799D-4F28-B216-92D8456293B8}.Release|Any CPU.Build.0 = Release|Any CPU
		{8C9FBCA8-94B3-4321-92C6-81C307A868D8}.Debug|Any CPU.ActiveCfg = Debug|Any CPU
		{8C9FBCA8-94B3-4321-92C6-81C307A868D8}.Debug|Any CPU.Build.0 = Debug|Any CPU
		{8C9FBCA8-94B3-4321-92C6-81C307A868D8}.Release|Any CPU.ActiveCfg = Release|Any CPU
		{8C9FBCA8-94B3-4321-92C6-81C307A868D8}.Release|Any CPU.Build.0 = Release|Any CPU
		{AAC37A6A-74B9-449A-80E8-AD5202D6C8F6}.Debug|Any CPU.ActiveCfg = Debug|Any CPU
		{AAC37A6A-74B9-449A-80E8-AD5202D6C8F6}.Debug|Any CPU.Build.0 = Debug|Any CPU
		{AAC37A6A-74B9-449A-80E8-AD5202D6C8F6}.Release|Any CPU.ActiveCfg = Release|Any CPU
		{AAC37A6A-74B9-449A-80E8-AD5202D6C8F6}.Release|Any CPU.Build.0 = Release|Any CPU
		{4967A908-9E38-4799-937A-F19B04E6473F}.Debug|Any CPU.ActiveCfg = Debug|Any CPU
		{4967A908-9E38-4799-937A-F19B04E6473F}.Debug|Any CPU.Build.0 = Debug|Any CPU
		{4967A908-9E38-4799-937A-F19B04E6473F}.Release|Any CPU.ActiveCfg = Release|Any CPU
		{4967A908-9E38-4799-937A-F19B04E6473F}.Release|Any CPU.Build.0 = Release|Any CPU
		{4ECA19D7-B213-4FBA-BF81-254BEDC85FFC}.Debug|Any CPU.ActiveCfg = Debug|Any CPU
		{4ECA19D7-B213-4FBA-BF81-254BEDC85FFC}.Debug|Any CPU.Build.0 = Debug|Any CPU
		{4ECA19D7-B213-4FBA-BF81-254BEDC85FFC}.Release|Any CPU.ActiveCfg = Release|Any CPU
		{4ECA19D7-B213-4FBA-BF81-254BEDC85FFC}.Release|Any CPU.Build.0 = Release|Any CPU
		{576F7A2D-5D16-4F4D-956B-9746BDC81479}.Debug|Any CPU.ActiveCfg = Debug|Any CPU
		{576F7A2D-5D16-4F4D-956B-9746BDC81479}.Debug|Any CPU.Build.0 = Debug|Any CPU
		{576F7A2D-5D16-4F4D-956B-9746BDC81479}.Release|Any CPU.ActiveCfg = Release|Any CPU
		{576F7A2D-5D16-4F4D-956B-9746BDC81479}.Release|Any CPU.Build.0 = Release|Any CPU
		{F49AEA48-5A0C-4592-B7C9-FAA22AAB856F}.Debug|Any CPU.ActiveCfg = Debug|Any CPU
		{F49AEA48-5A0C-4592-B7C9-FAA22AAB856F}.Debug|Any CPU.Build.0 = Debug|Any CPU
		{F49AEA48-5A0C-4592-B7C9-FAA22AAB856F}.Release|Any CPU.ActiveCfg = Release|Any CPU
		{F49AEA48-5A0C-4592-B7C9-FAA22AAB856F}.Release|Any CPU.Build.0 = Release|Any CPU
		{B70F6CD7-2121-49C5-A28B-1D0BBA07E801}.Debug|Any CPU.ActiveCfg = Debug|Any CPU
		{B70F6CD7-2121-49C5-A28B-1D0BBA07E801}.Debug|Any CPU.Build.0 = Debug|Any CPU
		{B70F6CD7-2121-49C5-A28B-1D0BBA07E801}.Release|Any CPU.ActiveCfg = Release|Any CPU
		{B70F6CD7-2121-49C5-A28B-1D0BBA07E801}.Release|Any CPU.Build.0 = Release|Any CPU
		{C3F1E314-3586-48DA-B7B8-E306610B587C}.Debug|Any CPU.ActiveCfg = Debug|Any CPU
		{C3F1E314-3586-48DA-B7B8-E306610B587C}.Debug|Any CPU.Build.0 = Debug|Any CPU
		{C3F1E314-3586-48DA-B7B8-E306610B587C}.Release|Any CPU.ActiveCfg = Release|Any CPU
		{C3F1E314-3586-48DA-B7B8-E306610B587C}.Release|Any CPU.Build.0 = Release|Any CPU
		{4A0CAFC2-766C-44A8-8AAA-40C435C4A1FA}.Debug|Any CPU.ActiveCfg = Debug|Any CPU
		{4A0CAFC2-766C-44A8-8AAA-40C435C4A1FA}.Debug|Any CPU.Build.0 = Debug|Any CPU
		{4A0CAFC2-766C-44A8-8AAA-40C435C4A1FA}.Release|Any CPU.ActiveCfg = Release|Any CPU
		{4A0CAFC2-766C-44A8-8AAA-40C435C4A1FA}.Release|Any CPU.Build.0 = Release|Any CPU
		{92FBE73D-8EFC-489B-9CF0-1DFCB0A6747D}.Debug|Any CPU.ActiveCfg = Debug|Any CPU
		{92FBE73D-8EFC-489B-9CF0-1DFCB0A6747D}.Debug|Any CPU.Build.0 = Debug|Any CPU
		{92FBE73D-8EFC-489B-9CF0-1DFCB0A6747D}.Release|Any CPU.ActiveCfg = Release|Any CPU
		{92FBE73D-8EFC-489B-9CF0-1DFCB0A6747D}.Release|Any CPU.Build.0 = Release|Any CPU
		{B2915FB9-B6E5-4736-8ADA-1C2B87EF74C4}.Debug|Any CPU.ActiveCfg = Debug|Any CPU
		{B2915FB9-B6E5-4736-8ADA-1C2B87EF74C4}.Debug|Any CPU.Build.0 = Debug|Any CPU
		{B2915FB9-B6E5-4736-8ADA-1C2B87EF74C4}.Release|Any CPU.ActiveCfg = Release|Any CPU
		{B2915FB9-B6E5-4736-8ADA-1C2B87EF74C4}.Release|Any CPU.Build.0 = Release|Any CPU
		{8BE34DA2-D48E-4A41-B8F2-ABF75993C31B}.Debug|Any CPU.ActiveCfg = Debug|Any CPU
		{8BE34DA2-D48E-4A41-B8F2-ABF75993C31B}.Debug|Any CPU.Build.0 = Debug|Any CPU
		{8BE34DA2-D48E-4A41-B8F2-ABF75993C31B}.Release|Any CPU.ActiveCfg = Release|Any CPU
		{8BE34DA2-D48E-4A41-B8F2-ABF75993C31B}.Release|Any CPU.Build.0 = Release|Any CPU
		{A4C784B3-6813-4776-8143-1B1DAF33054D}.Debug|Any CPU.ActiveCfg = Debug|Any CPU
		{A4C784B3-6813-4776-8143-1B1DAF33054D}.Debug|Any CPU.Build.0 = Debug|Any CPU
		{A4C784B3-6813-4776-8143-1B1DAF33054D}.Release|Any CPU.ActiveCfg = Release|Any CPU
		{A4C784B3-6813-4776-8143-1B1DAF33054D}.Release|Any CPU.Build.0 = Release|Any CPU
		{FB82564B-342D-4CD9-9B18-D2E0A8E9076C}.Debug|Any CPU.ActiveCfg = Debug|Any CPU
		{FB82564B-342D-4CD9-9B18-D2E0A8E9076C}.Debug|Any CPU.Build.0 = Debug|Any CPU
		{FB82564B-342D-4CD9-9B18-D2E0A8E9076C}.Release|Any CPU.ActiveCfg = Release|Any CPU
		{FB82564B-342D-4CD9-9B18-D2E0A8E9076C}.Release|Any CPU.Build.0 = Release|Any CPU
		{B5E062DF-CA55-4BD4-BDCA-B462BDA0ABEE}.Debug|Any CPU.ActiveCfg = Debug|Any CPU
		{B5E062DF-CA55-4BD4-BDCA-B462BDA0ABEE}.Debug|Any CPU.Build.0 = Debug|Any CPU
		{B5E062DF-CA55-4BD4-BDCA-B462BDA0ABEE}.Release|Any CPU.ActiveCfg = Release|Any CPU
		{B5E062DF-CA55-4BD4-BDCA-B462BDA0ABEE}.Release|Any CPU.Build.0 = Release|Any CPU
	EndGlobalSection
	GlobalSection(SolutionProperties) = preSolution
		HideSolutionNode = FALSE
	EndGlobalSection
	GlobalSection(NestedProjects) = preSolution
		{76596C01-405F-42AC-A8F0-836591450D54} = {19134B2F-0877-413C-9138-1B5CA537B357}
		{6BE9AF13-9E6C-46B1-BBD6-2474B613B189} = {19134B2F-0877-413C-9138-1B5CA537B357}
		{AB29642A-6006-4D92-8BCC-10C00894AB73} = {178286DC-E2FE-449E-B5A1-459182D3ECA8}
		{A950FF92-5275-42D0-B371-8CD0E783C182} = {AB29642A-6006-4D92-8BCC-10C00894AB73}
		{792AA0D6-C754-4C27-8FFD-31B61B2C95F7} = {19134B2F-0877-413C-9138-1B5CA537B357}
		{3234B762-9456-4BEF-B5D1-09B12F39B55D} = {AB29642A-6006-4D92-8BCC-10C00894AB73}
		{352169BA-62C8-412F-9C09-8B87A336077E} = {19134B2F-0877-413C-9138-1B5CA537B357}
		{CB9006B8-D08E-49E1-9389-168CC9671CB0} = {AB29642A-6006-4D92-8BCC-10C00894AB73}
		{B6BA0E03-4426-46CD-BF45-52511BC7B5CC} = {19134B2F-0877-413C-9138-1B5CA537B357}
		{41D913D4-7F91-473F-8E9D-DA72CDC24927} = {069A144D-70EF-4FB8-8009-0A0BE4BBC7AE}
		{07328F7B-1A6D-48F1-A054-C67D0BCDF182} = {069A144D-70EF-4FB8-8009-0A0BE4BBC7AE}
		{3C96F868-2C7A-46AC-9BF2-A6EF1AB3166A} = {41D913D4-7F91-473F-8E9D-DA72CDC24927}
		{BAF14B8C-91F6-4D1B-A66F-B30FE1DF13CB} = {AB29642A-6006-4D92-8BCC-10C00894AB73}
		{B4E1A773-707B-4C2E-B36A-770D6956E3ED} = {41D913D4-7F91-473F-8E9D-DA72CDC24927}
		{B8717A22-C847-4D6A-8A88-BBC6BB338637} = {41D913D4-7F91-473F-8E9D-DA72CDC24927}
		{926F3C9A-0872-4F6E-B8AE-905D61F43200} = {41D913D4-7F91-473F-8E9D-DA72CDC24927}
		{F43993DC-25F7-4E2E-A8C2-E22D758DD38C} = {41D913D4-7F91-473F-8E9D-DA72CDC24927}
		{BC610FB9-799D-4F28-B216-92D8456293B8} = {891567CC-76A2-4729-8203-D41AE86F6030}
		{8C9FBCA8-94B3-4321-92C6-81C307A868D8} = {41D913D4-7F91-473F-8E9D-DA72CDC24927}
		{AAC37A6A-74B9-449A-80E8-AD5202D6C8F6} = {19134B2F-0877-413C-9138-1B5CA537B357}
		{4967A908-9E38-4799-937A-F19B04E6473F} = {19134B2F-0877-413C-9138-1B5CA537B357}
		{4ECA19D7-B213-4FBA-BF81-254BEDC85FFC} = {D4414B34-9417-44B5-AC2D-DAD8FE905FA2}
		{576F7A2D-5D16-4F4D-956B-9746BDC81479} = {07328F7B-1A6D-48F1-A054-C67D0BCDF182}
		{F49AEA48-5A0C-4592-B7C9-FAA22AAB856F} = {891567CC-76A2-4729-8203-D41AE86F6030}
		{B70F6CD7-2121-49C5-A28B-1D0BBA07E801} = {891567CC-76A2-4729-8203-D41AE86F6030}
		{C3F1E314-3586-48DA-B7B8-E306610B587C} = {AB29642A-6006-4D92-8BCC-10C00894AB73}
		{4A0CAFC2-766C-44A8-8AAA-40C435C4A1FA} = {19134B2F-0877-413C-9138-1B5CA537B357}
		{92FBE73D-8EFC-489B-9CF0-1DFCB0A6747D} = {891567CC-76A2-4729-8203-D41AE86F6030}
		{B2915FB9-B6E5-4736-8ADA-1C2B87EF74C4} = {891567CC-76A2-4729-8203-D41AE86F6030}
		{8BE34DA2-D48E-4A41-B8F2-ABF75993C31B} = {891567CC-76A2-4729-8203-D41AE86F6030}
		{A4C784B3-6813-4776-8143-1B1DAF33054D} = {891567CC-76A2-4729-8203-D41AE86F6030}
		{FB82564B-342D-4CD9-9B18-D2E0A8E9076C} = {891567CC-76A2-4729-8203-D41AE86F6030}
		{B5E062DF-CA55-4BD4-BDCA-B462BDA0ABEE} = {891567CC-76A2-4729-8203-D41AE86F6030}
	EndGlobalSection
	GlobalSection(ExtensibilityGlobals) = postSolution
		SolutionGuid = {70CE9609-CCF9-42C7-88BF-5E5BE5EEE2D9}
	EndGlobalSection
EndGlobal
